<?xml version="1.0" encoding="UTF-8" standalone="yes" ?>
<CodeBlocks_project_file>
	<FileVersion major="1" minor="6" />
	<Project>
		<Option title="Tekirogu" />
		<Option pch_mode="2" />
		<Option compiler="gcc" />
		<Build>
			<Target title="Debug">
				<Option output="bin/Debug/Tekirogu" prefix_auto="1" extension_auto="1" />
				<Option object_output="obj/Debug/" />
				<Option type="1" />
				<Option compiler="gcc" />
				<Compiler>
					<Add option="-g" />
				</Compiler>
			</Target>
			<Target title="Release">
				<Option output="bin/Release/Tekirogu" prefix_auto="1" extension_auto="1" />
				<Option object_output="obj/Release/" />
				<Option type="1" />
				<Option compiler="gcc" />
				<Compiler>
					<Add option="-O2" />
				</Compiler>
				<Linker>
					<Add option="-s" />
				</Linker>
			</Target>
		</Build>
		<Compiler>
			<Add option="-Wall" />
			<Add option="-fexceptions" />
		</Compiler>
		<Unit filename="headers/describer.h" />
		<Unit filename="headers/dictionary.h" />
		<Unit filename="headers/directions.h" />
		<Unit filename="headers/map.h" />
		<Unit filename="headers/player.h" />
		<Unit filename="headers/randomizer.h" />
		<Unit filename="headers/room.h" />
		<Unit filename="sources/describer.cpp" />
		<Unit filename="sources/dictionary.cpp" />
		<Unit filename="sources/directions.cpp" />
		<Unit filename="sources/main.cpp" />
		<Unit filename="sources/map.cpp" />
		<Unit filename="sources/randomizer.cpp" />
		<Extensions>
			<code_completion />
			<envvars />
			<debugger />
			<lib_finder disable_auto="1" />
		</Extensions>
	</Project>
</CodeBlocks_project_file>
